<?xml version="1.0" encoding="utf-8"?>
<Project ToolsVersion="4.0" xmlns="http://schemas.microsoft.com/developer/msbuild/2003">
  <ItemGroup>
    <ClCompile Include="main.cpp" />
  </ItemGroup>
  <ItemGroup>
    <Filter Include="启动阶段">
      <UniqueIdentifier>{0fc0f0a7-53ac-4f2e-a994-b6e013e9f363}</UniqueIdentifier>
    </Filter>
    <Filter Include="线程">
      <UniqueIdentifier>{b7fb30b2-be06-48d8-9e35-dd9f217858c3}</UniqueIdentifier>
    </Filter>
    <Filter Include="消息">
      <UniqueIdentifier>{cd4b49c6-7253-4479-8979-5dc768bf288e}</UniqueIdentifier>
    </Filter>
    <Filter Include="运算模型">
      <UniqueIdentifier>{e4341790-9638-402e-85e6-4e71fb1b9937}</UniqueIdentifier>
    </Filter>
    <Filter Include="登入登出阶段">
      <UniqueIdentifier>{f1ddaa36-4ea4-402d-88f0-b7097367f68c}</UniqueIdentifier>
    </Filter>
    <Filter Include="服务器状态查询">
      <UniqueIdentifier>{191548df-84a3-493f-bea2-0a9f1153c058}</UniqueIdentifier>
    </Filter>
  </ItemGroup>
</Project>