<?xml version="1.0" encoding="utf-8"?>
<Project ToolsVersion="4.0" xmlns="http://schemas.microsoft.com/developer/msbuild/2003">
  <ItemGroup>
    <ClCompile Include="Server.cpp" />
    <ClCompile Include="Allocator.cpp">
      <Filter>内存</Filter>
    </ClCompile>
    <ClCompile Include="ForDemo.cpp">
      <Filter>基础</Filter>
    </ClCompile>
    <ClCompile Include="FuncAndBind.cpp">
      <Filter>基础</Filter>
    </ClCompile>
    <ClCompile Include="cpp11.cpp">
      <Filter>基础</Filter>
    </ClCompile>
    <ClCompile Include="Lamba.cpp">
      <Filter>基础</Filter>
    </ClCompile>
    <ClCompile Include="TemplateOp.cpp">
      <Filter>模板</Filter>
    </ClCompile>
    <ClCompile Include="Common.cpp">
      <Filter>基础</Filter>
    </ClCompile>
    <ClCompile Include="TupleOp.cpp">
      <Filter>基础</Filter>
    </ClCompile>
    <ClCompile Include="ThreadDemo.cpp">
      <Filter>线程</Filter>
    </ClCompile>
    <ClCompile Include="SyncQueue.cpp">
      <Filter>线程\线程池</Filter>
    </ClCompile>
    <ClCompile Include="ThreadPool.cpp">
      <Filter>线程\线程池</Filter>
    </ClCompile>
    <ClCompile Include="AlignofCpp.cpp">
      <Filter>内存</Filter>
    </ClCompile>
    <ClCompile Include="AlgorithmCpp.cpp">
      <Filter>算法</Filter>
    </ClCompile>
    <ClCompile Include="Singleton.cpp">
      <Filter>设计模式</Filter>
    </ClCompile>
    <ClCompile Include="Objector.cpp">
      <Filter>设计模式</Filter>
    </ClCompile>
    <ClCompile Include="Event.cpp">
      <Filter>设计模式</Filter>
    </ClCompile>
    <ClCompile Include="Visitor.cpp">
      <Filter>设计模式</Filter>
    </ClCompile>
    <ClCompile Include="Command.cpp">
      <Filter>设计模式</Filter>
    </ClCompile>
    <ClCompile Include="IocContainer.cpp" />
    <ClCompile Include="Any.cpp" />
  </ItemGroup>
  <ItemGroup>
    <ClInclude Include="Allocator.h">
      <Filter>内存</Filter>
    </ClInclude>
    <ClInclude Include="ForDemo.h">
      <Filter>基础</Filter>
    </ClInclude>
    <ClInclude Include="FuncAndBind.h">
      <Filter>基础</Filter>
    </ClInclude>
    <ClInclude Include="cpp11.h">
      <Filter>基础</Filter>
    </ClInclude>
    <ClInclude Include="Lamba.h">
      <Filter>基础</Filter>
    </ClInclude>
    <ClInclude Include="TemplateOp.h">
      <Filter>模板</Filter>
    </ClInclude>
    <ClInclude Include="Common.h">
      <Filter>基础</Filter>
    </ClInclude>
    <ClInclude Include="TupleOp.h">
      <Filter>基础</Filter>
    </ClInclude>
    <ClInclude Include="ThreadDemo.h">
      <Filter>线程</Filter>
    </ClInclude>
    <ClInclude Include="SyncQueue.h">
      <Filter>线程\线程池</Filter>
    </ClInclude>
    <ClInclude Include="ThreadPool.h">
      <Filter>线程\线程池</Filter>
    </ClInclude>
    <ClInclude Include="AlignofCpp.h">
      <Filter>内存</Filter>
    </ClInclude>
    <ClInclude Include="AlgorithmCpp.h">
      <Filter>算法</Filter>
    </ClInclude>
    <ClInclude Include="Singleton.h">
      <Filter>设计模式</Filter>
    </ClInclude>
    <ClInclude Include="Objector.h">
      <Filter>设计模式</Filter>
    </ClInclude>
    <ClInclude Include="Event.h">
      <Filter>设计模式</Filter>
    </ClInclude>
    <ClInclude Include="Visitor.h">
      <Filter>设计模式</Filter>
    </ClInclude>
    <ClInclude Include="Command.h">
      <Filter>设计模式</Filter>
    </ClInclude>
    <ClInclude Include="IocContainer.h" />
    <ClInclude Include="Any.h" />
  </ItemGroup>
  <ItemGroup>
    <Filter Include="内存">
      <UniqueIdentifier>{ffa68aaf-7c16-4ff4-8121-ed39070742fe}</UniqueIdentifier>
    </Filter>
    <Filter Include="基础">
      <UniqueIdentifier>{596f9a4e-8194-4c82-9aeb-bddd6306c2a2}</UniqueIdentifier>
    </Filter>
    <Filter Include="模板">
      <UniqueIdentifier>{05a6c8cb-3f5c-4b60-b659-c4884794f190}</UniqueIdentifier>
    </Filter>
    <Filter Include="线程">
      <UniqueIdentifier>{034b1368-5604-4a19-96f3-fd31de4fce71}</UniqueIdentifier>
    </Filter>
    <Filter Include="线程\线程池">
      <UniqueIdentifier>{8cbd0b8f-7594-418f-989a-548ff9d5bf06}</UniqueIdentifier>
    </Filter>
    <Filter Include="算法">
      <UniqueIdentifier>{15251432-5eb0-4917-803e-3c0b8d51c3de}</UniqueIdentifier>
    </Filter>
    <Filter Include="设计模式">
      <UniqueIdentifier>{069456e0-8939-4b47-9b08-844cdad0f2c5}</UniqueIdentifier>
    </Filter>
  </ItemGroup>
</Project>