
Microsoft Visual Studio Solution File, Format Version 12.00
# Visual Studio Version 16
VisualStudioVersion = 16.0.29326.143
MinimumVisualStudioVersion = 10.0.40219.1
Project("{8BC9CEB8-8B4A-11D0-8D11-00A0C91BC942}") = "MslLib", "MslLib\MslLib.vcxproj", "{A40676A4-F4DE-4243-9BE5-179CE700EF16}"
EndProject
Project("{8BC9CEB8-8B4A-11D0-8D11-00A0C91BC942}") = "exe_Master", "exe_Master\exe_Master.vcxproj", "{B09D49FA-3E58-467F-B389-D6AD01DC1EAB}"
EndProject
Project("{8BC9CEB8-8B4A-11D0-8D11-00A0C91BC942}") = "coroutine", "coroutine\coroutine.vcxproj", "{360407F7-A397-440D-A1FE-3E7F789F44AC}"
EndProject
Project("{8BC9CEB8-8B4A-11D0-8D11-00A0C91BC942}") = "test", "test\test.vcxproj", "{FBACD10F-D661-4C02-826E-325CBC5685B9}"
EndProject
Project("{8BC9CEB8-8B4A-11D0-8D11-00A0C91BC942}") = "design_mode", "design_mode\design_mode.vcxproj", "{597BFAE2-DDFF-4EC3-81EF-3558270EDE5D}"
EndProject
Global
	GlobalSection(SolutionConfigurationPlatforms) = preSolution
		Debug|ARM = Debug|ARM
		Debug|ARM64 = Debug|ARM64
		Debug|x64 = Debug|x64
		Debug|x86 = Debug|x86
		Release|ARM = Release|ARM
		Release|ARM64 = Release|ARM64
		Release|x64 = Release|x64
		Release|x86 = Release|x86
	EndGlobalSection
	GlobalSection(ProjectConfigurationPlatforms) = postSolution
		{A40676A4-F4DE-4243-9BE5-179CE700EF16}.Debug|ARM.ActiveCfg = Debug|Win32
		{A40676A4-F4DE-4243-9BE5-179CE700EF16}.Debug|ARM64.ActiveCfg = Debug|Win32
		{A40676A4-F4DE-4243-9BE5-179CE700EF16}.Debug|x64.ActiveCfg = Debug|x64
		{A40676A4-F4DE-4243-9BE5-179CE700EF16}.Debug|x64.Build.0 = Debug|x64
		{A40676A4-F4DE-4243-9BE5-179CE700EF16}.Debug|x86.ActiveCfg = Debug|Win32
		{A40676A4-F4DE-4243-9BE5-179CE700EF16}.Debug|x86.Build.0 = Debug|Win32
		{A40676A4-F4DE-4243-9BE5-179CE700EF16}.Release|ARM.ActiveCfg = Release|Win32
		{A40676A4-F4DE-4243-9BE5-179CE700EF16}.Release|ARM64.ActiveCfg = Release|Win32
		{A40676A4-F4DE-4243-9BE5-179CE700EF16}.Release|x64.ActiveCfg = Release|x64
		{A40676A4-F4DE-4243-9BE5-179CE700EF16}.Release|x64.Build.0 = Release|x64
		{A40676A4-F4DE-4243-9BE5-179CE700EF16}.Release|x86.ActiveCfg = Release|Win32
		{A40676A4-F4DE-4243-9BE5-179CE700EF16}.Release|x86.Build.0 = Release|Win32
		{B09D49FA-3E58-467F-B389-D6AD01DC1EAB}.Debug|ARM.ActiveCfg = Debug|Win32
		{B09D49FA-3E58-467F-B389-D6AD01DC1EAB}.Debug|ARM64.ActiveCfg = Debug|Win32
		{B09D49FA-3E58-467F-B389-D6AD01DC1EAB}.Debug|x64.ActiveCfg = Debug|x64
		{B09D49FA-3E58-467F-B389-D6AD01DC1EAB}.Debug|x64.Build.0 = Debug|x64
		{B09D49FA-3E58-467F-B389-D6AD01DC1EAB}.Debug|x86.ActiveCfg = Debug|Win32
		{B09D49FA-3E58-467F-B389-D6AD01DC1EAB}.Debug|x86.Build.0 = Debug|Win32
		{B09D49FA-3E58-467F-B389-D6AD01DC1EAB}.Release|ARM.ActiveCfg = Release|Win32
		{B09D49FA-3E58-467F-B389-D6AD01DC1EAB}.Release|ARM64.ActiveCfg = Release|Win32
		{B09D49FA-3E58-467F-B389-D6AD01DC1EAB}.Release|x64.ActiveCfg = Release|x64
		{B09D49FA-3E58-467F-B389-D6AD01DC1EAB}.Release|x64.Build.0 = Release|x64
		{B09D49FA-3E58-467F-B389-D6AD01DC1EAB}.Release|x86.ActiveCfg = Release|Win32
		{B09D49FA-3E58-467F-B389-D6AD01DC1EAB}.Release|x86.Build.0 = Release|Win32
		{360407F7-A397-440D-A1FE-3E7F789F44AC}.Debug|ARM.ActiveCfg = Debug|Win32
		{360407F7-A397-440D-A1FE-3E7F789F44AC}.Debug|ARM64.ActiveCfg = Debug|Win32
		{360407F7-A397-440D-A1FE-3E7F789F44AC}.Debug|x64.ActiveCfg = Debug|x64
		{360407F7-A397-440D-A1FE-3E7F789F44AC}.Debug|x64.Build.0 = Debug|x64
		{360407F7-A397-440D-A1FE-3E7F789F44AC}.Debug|x86.ActiveCfg = Debug|Win32
		{360407F7-A397-440D-A1FE-3E7F789F44AC}.Debug|x86.Build.0 = Debug|Win32
		{360407F7-A397-440D-A1FE-3E7F789F44AC}.Release|ARM.ActiveCfg = Release|Win32
		{360407F7-A397-440D-A1FE-3E7F789F44AC}.Release|ARM64.ActiveCfg = Release|Win32
		{360407F7-A397-440D-A1FE-3E7F789F44AC}.Release|x64.ActiveCfg = Release|x64
		{360407F7-A397-440D-A1FE-3E7F789F44AC}.Release|x64.Build.0 = Release|x64
		{360407F7-A397-440D-A1FE-3E7F789F44AC}.Release|x86.ActiveCfg = Release|Win32
		{360407F7-A397-440D-A1FE-3E7F789F44AC}.Release|x86.Build.0 = Release|Win32
		{FBACD10F-D661-4C02-826E-325CBC5685B9}.Debug|ARM.ActiveCfg = Debug|Win32
		{FBACD10F-D661-4C02-826E-325CBC5685B9}.Debug|ARM64.ActiveCfg = Debug|Win32
		{FBACD10F-D661-4C02-826E-325CBC5685B9}.Debug|x64.ActiveCfg = Debug|x64
		{FBACD10F-D661-4C02-826E-325CBC5685B9}.Debug|x64.Build.0 = Debug|x64
		{FBACD10F-D661-4C02-826E-325CBC5685B9}.Debug|x86.ActiveCfg = Debug|Win32
		{FBACD10F-D661-4C02-826E-325CBC5685B9}.Debug|x86.Build.0 = Debug|Win32
		{FBACD10F-D661-4C02-826E-325CBC5685B9}.Release|ARM.ActiveCfg = Release|Win32
		{FBACD10F-D661-4C02-826E-325CBC5685B9}.Release|ARM64.ActiveCfg = Release|Win32
		{FBACD10F-D661-4C02-826E-325CBC5685B9}.Release|x64.ActiveCfg = Release|x64
		{FBACD10F-D661-4C02-826E-325CBC5685B9}.Release|x64.Build.0 = Release|x64
		{FBACD10F-D661-4C02-826E-325CBC5685B9}.Release|x86.ActiveCfg = Release|Win32
		{FBACD10F-D661-4C02-826E-325CBC5685B9}.Release|x86.Build.0 = Release|Win32
		{597BFAE2-DDFF-4EC3-81EF-3558270EDE5D}.Debug|ARM.ActiveCfg = Debug|Win32
		{597BFAE2-DDFF-4EC3-81EF-3558270EDE5D}.Debug|ARM64.ActiveCfg = Debug|Win32
		{597BFAE2-DDFF-4EC3-81EF-3558270EDE5D}.Debug|x64.ActiveCfg = Debug|x64
		{597BFAE2-DDFF-4EC3-81EF-3558270EDE5D}.Debug|x64.Build.0 = Debug|x64
		{597BFAE2-DDFF-4EC3-81EF-3558270EDE5D}.Debug|x86.ActiveCfg = Debug|Win32
		{597BFAE2-DDFF-4EC3-81EF-3558270EDE5D}.Debug|x86.Build.0 = Debug|Win32
		{597BFAE2-DDFF-4EC3-81EF-3558270EDE5D}.Release|ARM.ActiveCfg = Release|Win32
		{597BFAE2-DDFF-4EC3-81EF-3558270EDE5D}.Release|ARM64.ActiveCfg = Release|Win32
		{597BFAE2-DDFF-4EC3-81EF-3558270EDE5D}.Release|x64.ActiveCfg = Release|x64
		{597BFAE2-DDFF-4EC3-81EF-3558270EDE5D}.Release|x64.Build.0 = Release|x64
		{597BFAE2-DDFF-4EC3-81EF-3558270EDE5D}.Release|x86.ActiveCfg = Release|Win32
		{597BFAE2-DDFF-4EC3-81EF-3558270EDE5D}.Release|x86.Build.0 = Release|Win32
	EndGlobalSection
	GlobalSection(SolutionProperties) = preSolution
		HideSolutionNode = FALSE
	EndGlobalSection
	GlobalSection(ExtensibilityGlobals) = postSolution
		SolutionGuid = {FE2B65E8-EFEB-4AF8-B129-5769A0CD6DE3}
	EndGlobalSection
EndGlobal
